{
  "version": 4,
  "terraform_version": "1.16.3",
  "serial": 17,
  "lineage": "1ac05778-fc53-cc75-e715-e6fb95e771c9",
  "outputs": {
    "confluent_egress_ips": {
      "value": [
        "35.80.209.50/32",
        "35.81.13.52/32",
        "35.83.49.171/32",
        "35.161.10.145/32",
        "35.161.229.13/32",
        "35.163.98.130/32",
        "44.224.191.248/32",
        "44.226.85.132/32",
        "44.232.150.154/32",
        "44.235.136.122/32",
        "44.237.176.196/32",
        "44.238.116.230/32",
        "44.241.29.51/32",
        "44.241.78.207/32",
        "52.26.247.161/32",
        "52.26.252.137/32",
        "52.34.192.104/32",
        "54.69.4.7/32",
        "54.70.129.13/32",
        "54.149.169.14/32",
        "54.184.188.46/32",
        "54.203.66.5/32",
        "54.212.67.95/32"
      ],
      "type": [
        "tuple",
        [
          "string",
          "string",
          "string",
          "string",
          "string",
          "string",
          "string",
          "string",
          "string",
          "string",
          "string",
          "string",
          "string",
          "string",
          "string",
          "string",
          "string",
          "string",
          "string",
          "string",
          "string",
          "string",
          "string"
        ]
      ]
    },
    "db_security_group_id": {
      "value": "sg-0d2cfa019f5ca3598",
      "type": "string"
    },
    "db_subnet_group_name": {
      "value": "c360-j9r-db-subnet-group",
      "type": "string"
    },
    "rds_address": {
      "value": "c360-j9r-postgres.cndsjke6xo5r.us-west-2.rds.amazonaws.com",
      "type": "string"
    },
    "rds_database_name": {
      "value": "c360db",
      "type": "string"
    },
    "rds_endpoint": {
      "value": "c360-j9r-postgres.cndsjke6xo5r.us-west-2.rds.amazonaws.com:5432",
      "type": "string"
    },
    "rds_port": {
      "value": 5432,
      "type": "number"
    },
    "secrets_manager_secret_arn": {
      "value": "arn:aws:secretsmanager:us-west-2:829250931565:secret:c360-j9r-rds-credentials-9G055x",
      "type": "string"
    },
    "vpc_cidr_block": {
      "value": "10.49.0.0/16",
      "type": "string"
    },
    "vpc_id": {
      "value": "vpc-03016998064d00b78",
      "type": "string"
    }
  },
  "resources": [
    {
      "mode": "data",
      "type": "aws_availability_zones",
      "name": "available",
      "provider": "provider[\"registry.terraform.io/hashicorp/aws\"]",
      "instances": [
        {
          "schema_version": 0,
          "attributes": {
            "all_availability_zones": null,
            "exclude_names": null,
            "exclude_zone_ids": null,
            "filter": null,
            "group_names": [
              "us-west-2-wl1",
              "us-west-2-zg-1"
            ],
            "id": "us-west-2",
            "names": [
              "us-west-2-wl1-den-wlz-1",
              "us-west-2-wl1-las-wlz-1",
              "us-west-2-wl1-lax-wlz-1",
              "us-west-2-wl1-phx-wlz-1",
              "us-west-2-wl1-sea-wlz-1",
              "us-west-2-wl1-sfo-wlz-1",
              "us-west-2a",
              "us-west-2b",
              "us-west-2c",
              "us-west-2d"
            ],
            "state": "available",
            "timeouts": null,
            "zone_ids": [
              "usw2-wl1-den-wlz1",
              "usw2-wl1-las-wlz1",
              "usw2-wl1-lax-wlz1",
              "usw2-wl1-phx-wlz1",
              "usw2-wl1-sea-wlz1",
              "usw2-wl1-sfo-wlz1",
              "usw2-az2",
              "usw2-az1",
              "usw2-az3",
              "usw2-az4"
            ]
          },
          "sensitive_attributes": [],
          "identity_schema_version": 0
        }
      ]
    },
    {
      "mode": "data",
      "type": "aws_subnets",
      "name": "existing",
      "provider": "provider[\"registry.terraform.io/hashicorp/aws\"]",
      "instances": [
        {
          "schema_version": 0,
          "attributes": {
            "filter": [
              {
                "name": "vpc-id",
                "values": [
                  "vpc-03016998064d00b78"
                ]
              }
            ],
            "id": "us-west-2",
            "ids": [
              "subnet-05b34fabfd3957bd4",
              "subnet-0d9256fe976ca3b56",
              "subnet-0f882afa70677b6fc",
              "subnet-086bd29c0a894a925",
              "subnet-02de7a2742608a426",
              "subnet-0f2cc69f65fd0b5a1",
              "subnet-0519597a0ec7b9919",
              "subnet-00cce962633e5902e"
            ],
            "tags": null,
            "timeouts": null
          },
          "sensitive_attributes": [],
          "identity_schema_version": 0
        }
      ]
    },
    {
      "mode": "data",
      "type": "aws_vpc",
      "name": "existing",
      "provider": "provider[\"registry.terraform.io/hashicorp/aws\"]",
      "instances": [
        {
          "schema_version": 0,
          "attributes": {
            "arn": "arn:aws:ec2:us-west-2:829250931565:vpc/vpc-03016998064d00b78",
            "cidr_block": "10.49.0.0/16",
            "cidr_block_associations": [
              {
                "association_id": "vpc-cidr-assoc-09597777274053c6f",
                "cidr_block": "10.49.0.0/16",
                "state": "associated"
              }
            ],
            "default": false,
            "dhcp_options_id": "dopt-4b3aa632",
            "enable_dns_hostnames": true,
            "enable_dns_support": true,
            "enable_network_address_usage_metrics": false,
            "filter": null,
            "id": "vpc-03016998064d00b78",
            "instance_tenancy": "default",
            "ipv6_association_id": "",
            "ipv6_cidr_block": "",
            "main_route_table_id": "rtb-0d73283abf57598b6",
            "owner_id": "829250931565",
            "state": null,
            "tags": {
              "Name": "justin-usw2-49",
              "Owner": "Justin Lee",
              "divvy_last_modified_by": "jlee@confluent.io",
              "expiration": "2025-06-16",
              "owner_email": "jlee@confluent.io",
              "tf_last_modified": "2025-05-16",
              "tf_owner": "Justin Lee",
              "tf_owner_email": "jlee@confluent.io",
              "tf_provenance": "github.com/justinrlee/private-terraform/aws/usw2"
            },
            "timeouts": null
          },
          "sensitive_attributes": [],
          "identity_schema_version": 0
        }
      ]
    },
    {
      "mode": "data",
      "type": "confluent_ip_addresses",
      "name": "connectors",
      "provider": "provider[\"registry.terraform.io/confluentinc/confluent\"]",
      "instances": [
        {
          "schema_version": 0,
          "attributes": {
            "filter": [
              {
                "address_types": [
                  "EGRESS"
                ],
                "clouds": [
                  "AWS"
                ],
                "regions": [
                  "us-west-2"
                ],
                "services": [
                  "CONNECT",
                  "KAFKA"
                ]
              }
            ],
            "id": "1790209521",
            "ip_addresses": [
              {
                "address_type": "EGRESS",
                "api_version": "networking/v1",
                "cloud": "AWS",
                "ip_prefix": "35.80.209.50/32",
                "kind": "IpAddress",
                "region": "us-west-2",
                "services": [
                  "KAFKA",
                  "CONNECT"
                ]
              },
              {
                "address_type": "EGRESS",
                "api_version": "networking/v1",
                "cloud": "AWS",
                "ip_prefix": "35.81.13.52/32",
                "kind": "IpAddress",
                "region": "us-west-2",
                "services": [
                  "KAFKA",
                  "CONNECT"
                ]
              },
              {
                "address_type": "EGRESS",
                "api_version": "networking/v1",
                "cloud": "AWS",
                "ip_prefix": "35.83.49.171/32",
                "kind": "IpAddress",
                "region": "us-west-2",
                "services": [
                  "KAFKA",
                  "CONNECT"
                ]
              },
              {
                "address_type": "EGRESS",
                "api_version": "networking/v1",
                "cloud": "AWS",
                "ip_prefix": "35.161.10.145/32",
                "kind": "IpAddress",
                "region": "us-west-2",
                "services": [
                  "KAFKA",
                  "CONNECT"
                ]
              },
              {
                "address_type": "EGRESS",
                "api_version": "networking/v1",
                "cloud": "AWS",
                "ip_prefix": "35.161.229.13/32",
                "kind": "IpAddress",
                "region": "us-west-2",
                "services": [
                  "KAFKA",
                  "CONNECT"
                ]
              },
              {
                "address_type": "EGRESS",
                "api_version": "networking/v1",
                "cloud": "AWS",
                "ip_prefix": "35.163.98.130/32",
                "kind": "IpAddress",
                "region": "us-west-2",
                "services": [
                  "KAFKA",
                  "CONNECT"
                ]
              },
              {
                "address_type": "EGRESS",
                "api_version": "networking/v1",
                "cloud": "AWS",
                "ip_prefix": "44.224.191.248/32",
                "kind": "IpAddress",
                "region": "us-west-2",
                "services": [
                  "KAFKA",
                  "CONNECT"
                ]
              },
              {
                "address_type": "EGRESS",
                "api_version": "networking/v1",
                "cloud": "AWS",
                "ip_prefix": "44.226.85.132/32",
                "kind": "IpAddress",
                "region": "us-west-2",
                "services": [
                  "KAFKA",
                  "CONNECT"
                ]
              },
              {
                "address_type": "EGRESS",
                "api_version": "networking/v1",
                "cloud": "AWS",
                "ip_prefix": "44.232.150.154/32",
                "kind": "IpAddress",
                "region": "us-west-2",
                "services": [
                  "KAFKA",
                  "CONNECT"
                ]
              },
              {
                "address_type": "EGRESS",
                "api_version": "networking/v1",
                "cloud": "AWS",
                "ip_prefix": "44.235.136.122/32",
                "kind": "IpAddress",
                "region": "us-west-2",
                "services": [
                  "KAFKA",
                  "CONNECT"
                ]
              },
              {
                "address_type": "EGRESS",
                "api_version": "networking/v1",
                "cloud": "AWS",
                "ip_prefix": "44.237.176.196/32",
                "kind": "IpAddress",
                "region": "us-west-2",
                "services": [
                  "KAFKA",
                  "CONNECT"
                ]
              },
              {
                "address_type": "EGRESS",
                "api_version": "networking/v1",
                "cloud": "AWS",
                "ip_prefix": "44.238.116.230/32",
                "kind": "IpAddress",
                "region": "us-west-2",
                "services": [
                  "KAFKA",
                  "CONNECT"
                ]
              },
              {
                "address_type": "EGRESS",
                "api_version": "networking/v1",
                "cloud": "AWS",
                "ip_prefix": "44.241.29.51/32",
                "kind": "IpAddress",
                "region": "us-west-2",
                "services": [
                  "KAFKA",
                  "CONNECT"
                ]
              },
              {
                "address_type": "EGRESS",
                "api_version": "networking/v1",
                "cloud": "AWS",
                "ip_prefix": "44.241.78.207/32",
                "kind": "IpAddress",
                "region": "us-west-2",
                "services": [
                  "KAFKA",
                  "CONNECT"
                ]
              },
              {
                "address_type": "EGRESS",
                "api_version": "networking/v1",
                "cloud": "AWS",
                "ip_prefix": "52.26.247.161/32",
                "kind": "IpAddress",
                "region": "us-west-2",
                "services": [
                  "KAFKA",
                  "CONNECT"
                ]
              },
              {
                "address_type": "EGRESS",
                "api_version": "networking/v1",
                "cloud": "AWS",
                "ip_prefix": "52.26.252.137/32",
                "kind": "IpAddress",
                "region": "us-west-2",
                "services": [
                  "KAFKA",
                  "CONNECT"
                ]
              },
              {
                "address_type": "EGRESS",
                "api_version": "networking/v1",
                "cloud": "AWS",
                "ip_prefix": "52.34.192.104/32",
                "kind": "IpAddress",
                "region": "us-west-2",
                "services": [
                  "KAFKA",
                  "CONNECT"
                ]
              },
              {
                "address_type": "EGRESS",
                "api_version": "networking/v1",
                "cloud": "AWS",
                "ip_prefix": "54.69.4.7/32",
                "kind": "IpAddress",
                "region": "us-west-2",
                "services": [
                  "KAFKA",
                  "CONNECT"
                ]
              },
              {
                "address_type": "EGRESS",
                "api_version": "networking/v1",
                "cloud": "AWS",
                "ip_prefix": "54.70.129.13/32",
                "kind": "IpAddress",
                "region": "us-west-2",
                "services": [
                  "KAFKA",
                  "CONNECT"
                ]
              },
              {
                "address_type": "EGRESS",
                "api_version": "networking/v1",
                "cloud": "AWS",
                "ip_prefix": "54.149.169.14/32",
                "kind": "IpAddress",
                "region": "us-west-2",
                "services": [
                  "KAFKA",
                  "CONNECT"
                ]
              },
              {
                "address_type": "EGRESS",
                "api_version": "networking/v1",
                "cloud": "AWS",
                "ip_prefix": "54.184.188.46/32",
                "kind": "IpAddress",
                "region": "us-west-2",
                "services": [
                  "KAFKA",
                  "CONNECT"
                ]
              },
              {
                "address_type": "EGRESS",
                "api_version": "networking/v1",
                "cloud": "AWS",
                "ip_prefix": "54.203.66.5/32",
                "kind": "IpAddress",
                "region": "us-west-2",
                "services": [
                  "KAFKA",
                  "CONNECT"
                ]
              },
              {
                "address_type": "EGRESS",
                "api_version": "networking/v1",
                "cloud": "AWS",
                "ip_prefix": "54.212.67.95/32",
                "kind": "IpAddress",
                "region": "us-west-2",
                "services": [
                  "KAFKA",
                  "CONNECT"
                ]
              }
            ]
          },
          "sensitive_attributes": [],
          "identity_schema_version": 0
        }
      ]
    },
    {
      "mode": "managed",
      "type": "aws_db_instance",
      "name": "postgres",
      "provider": "provider[\"registry.terraform.io/hashicorp/aws\"]",
      "instances": [
        {
          "schema_version": 2,
          "attributes": {
            "address": "c360-j9r-postgres.cndsjke6xo5r.us-west-2.rds.amazonaws.com",
            "allocated_storage": 20,
            "allow_major_version_upgrade": false,
            "apply_immediately": false,
            "arn": "arn:aws:rds:us-west-2:829250931565:db:c360-j9r-postgres",
            "auto_minor_version_upgrade": true,
            "availability_zone": "us-west-2d",
            "backup_retention_period": 7,
            "backup_target": "region",
            "backup_window": "03:00-04:00",
            "blue_green_update": [],
            "ca_cert_identifier": "rds-ca-rsa2048-g1",
            "character_set_name": "",
            "copy_tags_to_snapshot": false,
            "custom_iam_instance_profile": "",
            "customer_owned_ip_enabled": false,
            "database_insights_mode": "standard",
            "db_name": "c360db",
            "db_subnet_group_name": "c360-j9r-db-subnet-group",
            "dedicated_log_volume": false,
            "delete_automated_backups": true,
            "deletion_protection": false,
            "domain": "",
            "domain_auth_secret_arn": "",
            "domain_dns_ips": null,
            "domain_fqdn": "",
            "domain_iam_role_name": "",
            "domain_ou": "",
            "enabled_cloudwatch_logs_exports": [
              "postgresql",
              "upgrade"
            ],
            "endpoint": "c360-j9r-postgres.cndsjke6xo5r.us-west-2.rds.amazonaws.com:5432",
            "engine": "postgres",
            "engine_lifecycle_support": "open-source-rds-extended-support",
            "engine_version": "17",
            "engine_version_actual": "17.9",
            "final_snapshot_identifier": null,
            "hosted_zone_id": "Z1PVIF0B656C1W",
            "iam_database_authentication_enabled": false,
            "id": "db-UUUADQNU3GGHSZOU7UFJHRU4JA",
            "identifier": "c360-j9r-postgres",
            "identifier_prefix": "",
            "instance_class": "db.t4g.micro",
            "iops": 3000,
            "kms_key_id": "arn:aws:kms:us-west-2:829250931565:key/8920f051-7e0a-41ca-8cd7-3d129aaa5626",
            "latest_restorable_time": "2026-09-24T00:32:37Z",
            "license_model": "postgresql-license",
            "listener_endpoint": [],
            "maintenance_window": "mon:04:30-mon:05:30",
            "manage_master_user_password": null,
            "master_user_secret": [],
            "master_user_secret_kms_key_id": null,
            "max_allocated_storage": 100,
            "monitoring_interval": 0,
            "monitoring_role_arn": "",
            "multi_az": false,
            "nchar_character_set_name": "",
            "network_type": "IPV4",
            "option_group_name": "default:postgres-17",
            "parameter_group_name": "c360-j9r-pg17-params",
            "password": "}lXsQ3\u003cDp$LUTikeF)?T!L[y",
            "password_wo": null,
            "password_wo_version": null,
            "performance_insights_enabled": true,
            "performance_insights_kms_key_id": "arn:aws:kms:us-west-2:829250931565:key/8920f051-7e0a-41ca-8cd7-3d129aaa5626",
            "performance_insights_retention_period": 7,
            "port": 5432,
            "publicly_accessible": true,
            "replica_mode": "",
            "replicas": [],
            "replicate_source_db": "",
            "resource_id": "db-UUUADQNU3GGHSZOU7UFJHRU4JA",
            "restore_to_point_in_time": [],
            "s3_import": [],
            "skip_final_snapshot": true,
            "snapshot_identifier": null,
            "status": "available",
            "storage_encrypted": true,
            "storage_throughput": 125,
            "storage_type": "gp3",
            "tags": {
              "Environment": "j9r",
              "Name": "c360-j9r-postgres",
              "Project": "c360"
            },
            "tags_all": {
              "Environment": "j9r",
              "Name": "c360-j9r-postgres",
              "Project": "c360"
            },
            "timeouts": null,
            "timezone": "",
            "upgrade_storage_config": null,
            "username": "dbadmin",
            "vpc_security_group_ids": [
              "sg-0d2cfa019f5ca3598"
            ]
          },
          "sensitive_attributes": [
            [
              {
                "type": "get_attr",
                "value": "password"
              }
            ],
            [
              {
                "type": "get_attr",
                "value": "password_wo"
              }
            ]
          ],
          "identity_schema_version": 0,
          "private": "eyJlMmJmYjczMC1lY2FhLTExZTYtOGY4OC0zNDM2M2JjN2M0YzAiOnsiY3JlYXRlIjozMDAwMDAwMDAwMDAwLCJkZWxldGUiOjM2MDAwMDAwMDAwMDAsInVwZGF0ZSI6NDgwMDAwMDAwMDAwMH0sInNjaGVtYV92ZXJzaW9uIjoiMiJ9",
          "dependencies": [
            "aws_db_parameter_group.postgres17",
            "aws_db_subnet_group.rds",
            "aws_kms_key.rds_key",
            "aws_security_group.rds_sg",
            "data.aws_subnets.existing",
            "data.aws_vpc.existing",
            "data.confluent_ip_addresses.connectors",
            "random_password.db_master_password"
          ]
        }
      ]
    },
    {
      "mode": "managed",
      "type": "aws_db_parameter_group",
      "name": "postgres17",
      "provider": "provider[\"registry.terraform.io/hashicorp/aws\"]",
      "instances": [
        {
          "schema_version": 0,
          "attributes": {
            "arn": "arn:aws:rds:us-west-2:829250931565:pg:c360-j9r-pg17-params",
            "description": "Custom parameter group for PostgreSQL 17",
            "family": "postgres17",
            "id": "c360-j9r-pg17-params",
            "name": "c360-j9r-pg17-params",
            "name_prefix": "",
            "parameter": [
              {
                "apply_method": "immediate",
                "name": "rds.force_ssl",
                "value": "1"
              },
              {
                "apply_method": "pending-reboot",
                "name": "rds.logical_replication",
                "value": "1"
              }
            ],
            "skip_destroy": false,
            "tags": {
              "Environment": "j9r",
              "Name": "c360-j9r-pg17-params"
            },
            "tags_all": {
              "Environment": "j9r",
              "Name": "c360-j9r-pg17-params"
            }
          },
          "sensitive_attributes": [],
          "identity_schema_version": 0,
          "private": "bnVsbA=="
        }
      ]
    },
    {
      "mode": "managed",
      "type": "aws_db_subnet_group",
      "name": "rds",
      "provider": "provider[\"registry.terraform.io/hashicorp/aws\"]",
      "instances": [
        {
          "schema_version": 0,
          "attributes": {
            "arn": "arn:aws:rds:us-west-2:829250931565:subgrp:c360-j9r-db-subnet-group",
            "description": "Database subnet group using subnets from existing VPC vpc-03016998064d00b78",
            "id": "c360-j9r-db-subnet-group",
            "name": "c360-j9r-db-subnet-group",
            "name_prefix": "",
            "subnet_ids": [
              "subnet-00cce962633e5902e",
              "subnet-02de7a2742608a426",
              "subnet-0519597a0ec7b9919",
              "subnet-05b34fabfd3957bd4",
              "subnet-086bd29c0a894a925",
              "subnet-0d9256fe976ca3b56",
              "subnet-0f2cc69f65fd0b5a1",
              "subnet-0f882afa70677b6fc"
            ],
            "supported_network_types": [
              "IPV4"
            ],
            "tags": {
              "Environment": "j9r",
              "Name": "c360-j9r-db-subnet-group"
            },
            "tags_all": {
              "Environment": "j9r",
              "Name": "c360-j9r-db-subnet-group"
            },
            "vpc_id": "vpc-03016998064d00b78"
          },
          "sensitive_attributes": [],
          "identity_schema_version": 0,
          "private": "bnVsbA==",
          "dependencies": [
            "data.aws_subnets.existing",
            "data.aws_vpc.existing"
          ]
        }
      ]
    },
    {
      "mode": "managed",
      "type": "aws_kms_alias",
      "name": "rds_key_alias",
      "provider": "provider[\"registry.terraform.io/hashicorp/aws\"]",
      "instances": [
        {
          "schema_version": 0,
          "attributes": {
            "arn": "arn:aws:kms:us-west-2:829250931565:alias/c360-j9r-rds-key",
            "id": "alias/c360-j9r-rds-key",
            "name": "alias/c360-j9r-rds-key",
            "name_prefix": "",
            "target_key_arn": "arn:aws:kms:us-west-2:829250931565:key/8920f051-7e0a-41ca-8cd7-3d129aaa5626",
            "target_key_id": "8920f051-7e0a-41ca-8cd7-3d129aaa5626"
          },
          "sensitive_attributes": [],
          "identity_schema_version": 0,
          "private": "bnVsbA==",
          "dependencies": [
            "aws_kms_key.rds_key"
          ]
        }
      ]
    },
    {
      "mode": "managed",
      "type": "aws_kms_key",
      "name": "rds_key",
      "provider": "provider[\"registry.terraform.io/hashicorp/aws\"]",
      "instances": [
        {
          "schema_version": 0,
          "attributes": {
            "arn": "arn:aws:kms:us-west-2:829250931565:key/8920f051-7e0a-41ca-8cd7-3d129aaa5626",
            "bypass_policy_lockout_safety_check": false,
            "custom_key_store_id": "",
            "customer_master_key_spec": "SYMMETRIC_DEFAULT",
            "deletion_window_in_days": 7,
            "description": "KMS Key for c360-j9r RDS storage and secrets encryption",
            "enable_key_rotation": true,
            "id": "8920f051-7e0a-41ca-8cd7-3d129aaa5626",
            "is_enabled": true,
            "key_id": "8920f051-7e0a-41ca-8cd7-3d129aaa5626",
            "key_usage": "ENCRYPT_DECRYPT",
            "multi_region": false,
            "policy": "{\"Id\":\"key-default-1\",\"Statement\":[{\"Action\":\"kms:*\",\"Effect\":\"Allow\",\"Principal\":{\"AWS\":\"arn:aws:iam::829250931565:root\"},\"Resource\":\"*\",\"Sid\":\"Enable IAM User Permissions\"}],\"Version\":\"2012-10-17\"}",
            "rotation_period_in_days": 365,
            "tags": {
              "Environment": "j9r",
              "Name": "c360-j9r-rds-kms-key"
            },
            "tags_all": {
              "Environment": "j9r",
              "Name": "c360-j9r-rds-kms-key"
            },
            "timeouts": null,
            "xks_key_id": ""
          },
          "sensitive_attributes": [],
          "identity_schema_version": 0,
          "private": "eyJlMmJmYjczMC1lY2FhLTExZTYtOGY4OC0zNDM2M2JjN2M0YzAiOnsiY3JlYXRlIjoxMjAwMDAwMDAwMDB9fQ=="
        }
      ]
    },
    {
      "mode": "managed",
      "type": "aws_secretsmanager_secret",
      "name": "db_credentials",
      "provider": "provider[\"registry.terraform.io/hashicorp/aws\"]",
      "instances": [
        {
          "schema_version": 0,
          "attributes": {
            "arn": "arn:aws:secretsmanager:us-west-2:829250931565:secret:c360-j9r-rds-credentials-9G055x",
            "description": "Master credentials and connection details for Postgres RDS",
            "force_overwrite_replica_secret": false,
            "id": "arn:aws:secretsmanager:us-west-2:829250931565:secret:c360-j9r-rds-credentials-9G055x",
            "kms_key_id": "arn:aws:kms:us-west-2:829250931565:key/8920f051-7e0a-41ca-8cd7-3d129aaa5626",
            "name": "c360-j9r-rds-credentials",
            "name_prefix": "",
            "policy": "",
            "recovery_window_in_days": 0,
            "replica": [],
            "tags": {
              "Environment": "j9r",
              "Name": "c360-j9r-rds-credentials"
            },
            "tags_all": {
              "Environment": "j9r",
              "Name": "c360-j9r-rds-credentials"
            }
          },
          "sensitive_attributes": [],
          "identity_schema_version": 0,
          "private": "bnVsbA==",
          "dependencies": [
            "aws_kms_key.rds_key"
          ]
        }
      ]
    },
    {
      "mode": "managed",
      "type": "aws_secretsmanager_secret_version",
      "name": "db_credentials_val",
      "provider": "provider[\"registry.terraform.io/hashicorp/aws\"]",
      "instances": [
        {
          "schema_version": 0,
          "attributes": {
            "arn": "arn:aws:secretsmanager:us-west-2:829250931565:secret:c360-j9r-rds-credentials-9G055x",
            "has_secret_string_wo": null,
            "id": "arn:aws:secretsmanager:us-west-2:829250931565:secret:c360-j9r-rds-credentials-9G055x|terraform-20260924003402330600000001",
            "secret_binary": "",
            "secret_id": "arn:aws:secretsmanager:us-west-2:829250931565:secret:c360-j9r-rds-credentials-9G055x",
            "secret_string": "{\"database\":\"c360db\",\"engine\":\"postgres\",\"host\":\"c360-j9r-postgres.cndsjke6xo5r.us-west-2.rds.amazonaws.com\",\"password\":\"}lXsQ3\\u003cDp$LUTikeF)?T!L[y\",\"port\":5432,\"username\":\"dbadmin\"}",
            "secret_string_wo": null,
            "secret_string_wo_version": null,
            "version_id": "terraform-20260924003402330600000001",
            "version_stages": [
              "AWSCURRENT"
            ]
          },
          "sensitive_attributes": [
            [
              {
                "type": "get_attr",
                "value": "secret_binary"
              }
            ],
            [
              {
                "type": "get_attr",
                "value": "secret_string"
              }
            ],
            [
              {
                "type": "get_attr",
                "value": "secret_string_wo"
              }
            ]
          ],
          "identity_schema_version": 0,
          "private": "bnVsbA==",
          "dependencies": [
            "aws_db_instance.postgres",
            "aws_db_parameter_group.postgres17",
            "aws_db_subnet_group.rds",
            "aws_kms_key.rds_key",
            "aws_secretsmanager_secret.db_credentials",
            "aws_security_group.rds_sg",
            "data.aws_subnets.existing",
            "data.aws_vpc.existing",
            "data.confluent_ip_addresses.connectors",
            "random_password.db_master_password"
          ]
        }
      ]
    },
    {
      "mode": "managed",
      "type": "aws_security_group",
      "name": "rds_sg",
      "provider": "provider[\"registry.terraform.io/hashicorp/aws\"]",
      "instances": [
        {
          "schema_version": 1,
          "attributes": {
            "arn": "arn:aws:ec2:us-west-2:829250931565:security-group/sg-0d2cfa019f5ca3598",
            "description": "Controls inbound and outbound traffic for Postgres RDS in vpc-03016998064d00b78",
            "egress": [
              {
                "cidr_blocks": [
                  "0.0.0.0/0"
                ],
                "description": "Allow all outbound traffic",
                "from_port": 0,
                "ipv6_cidr_blocks": [],
                "prefix_list_ids": [],
                "protocol": "-1",
                "security_groups": [],
                "self": false,
                "to_port": 0
              }
            ],
            "id": "sg-0d2cfa019f5ca3598",
            "ingress": [
              {
                "cidr_blocks": [
                  "10.49.0.0/16",
                  "134.238.233.60/32",
                  "35.80.209.50/32",
                  "35.81.13.52/32",
                  "35.83.49.171/32",
                  "35.161.10.145/32",
                  "35.161.229.13/32",
                  "35.163.98.130/32",
                  "44.224.191.248/32",
                  "44.226.85.132/32",
                  "44.232.150.154/32",
                  "44.235.136.122/32",
                  "44.237.176.196/32",
                  "44.238.116.230/32",
                  "44.241.29.51/32",
                  "44.241.78.207/32",
                  "52.26.247.161/32",
                  "52.26.252.137/32",
                  "52.34.192.104/32",
                  "54.69.4.7/32",
                  "54.70.129.13/32",
                  "54.149.169.14/32",
                  "54.184.188.46/32",
                  "54.203.66.5/32",
                  "54.212.67.95/32"
                ],
                "description": "Allow inbound PostgreSQL traffic from VPC, clients, and Confluent Cloud Connectors",
                "from_port": 5432,
                "ipv6_cidr_blocks": [],
                "prefix_list_ids": [],
                "protocol": "tcp",
                "security_groups": [],
                "self": false,
                "to_port": 5432
              }
            ],
            "name": "c360-j9r-rds-sg",
            "name_prefix": "",
            "owner_id": "829250931565",
            "revoke_rules_on_delete": false,
            "tags": {
              "Environment": "j9r",
              "Name": "c360-j9r-rds-sg"
            },
            "tags_all": {
              "Environment": "j9r",
              "Name": "c360-j9r-rds-sg"
            },
            "timeouts": null,
            "vpc_id": "vpc-03016998064d00b78"
          },
          "sensitive_attributes": [],
          "identity_schema_version": 0,
          "private": "eyJlMmJmYjczMC1lY2FhLTExZTYtOGY4OC0zNDM2M2JjN2M0YzAiOnsiY3JlYXRlIjo2MDAwMDAwMDAwMDAsImRlbGV0ZSI6OTAwMDAwMDAwMDAwfSwic2NoZW1hX3ZlcnNpb24iOiIxIn0=",
          "dependencies": [
            "data.aws_vpc.existing",
            "data.confluent_ip_addresses.connectors"
          ]
        }
      ]
    },
    {
      "mode": "managed",
      "type": "random_password",
      "name": "db_master_password",
      "provider": "provider[\"registry.terraform.io/hashicorp/random\"]",
      "instances": [
        {
          "schema_version": 3,
          "attributes": {
            "bcrypt_hash": "$2a$10$ubbEKEG167dSHh6HbQh9heQokNQ5Bxl8pOVJKUXq.JlZWloFiqn6y",
            "id": "none",
            "keepers": null,
            "length": 24,
            "lower": true,
            "min_lower": 0,
            "min_numeric": 0,
            "min_special": 0,
            "min_upper": 0,
            "number": true,
            "numeric": true,
            "override_special": "!#$%\u0026*()-_=+[]{}\u003c\u003e:?",
            "result": "}lXsQ3\u003cDp$LUTikeF)?T!L[y",
            "special": true,
            "upper": true
          },
          "sensitive_attributes": [
            [
              {
                "type": "get_attr",
                "value": "bcrypt_hash"
              }
            ],
            [
              {
                "type": "get_attr",
                "value": "result"
              }
            ]
          ],
          "identity_schema_version": 0
        }
      ]
    }
  ],
  "check_results": null
}
